// !$*UTF8*$!
{
	archiveVersion = 1;
	classes = {
	};
	objectVersion = 56;
	objects = {

/* Begin PBXBuildFile section */
		911F00D229157CB200010350 /* the_xadrazApp.swift in Sources */ = {isa = PBXBuildFile; fileRef = 911F00D129157CB200010350 /* the_xadrazApp.swift */; };
		911F00D429157CB200010350 /* FirstView.swift in Sources */ = {isa = PBXBuildFile; fileRef = 911F00D329157CB200010350 /* FirstView.swift */; };
		911F00D629157CB200010350 /* Assets.xcassets in Resources */ = {isa = PBXBuildFile; fileRef = 911F00D529157CB200010350 /* Assets.xcassets */; };
		911F00D929157CB200010350 /* Preview Assets.xcassets in Resources */ = {isa = PBXBuildFile; fileRef = 911F00D829157CB200010350 /* Preview Assets.xcassets */; };
		9135E370294284CD00380473 /* BoardView3.swift in Sources */ = {isa = PBXBuildFile; fileRef = 9135E36F294284CD00380473 /* BoardView3.swift */; };
		9135E372294285CD00380473 /* BoardView4.swift in Sources */ = {isa = PBXBuildFile; fileRef = 9135E371294285CD00380473 /* BoardView4.swift */; };
		9135E3742942860300380473 /* BoardView5.swift in Sources */ = {isa = PBXBuildFile; fileRef = 9135E3732942860300380473 /* BoardView5.swift */; };
		9135E3762942862E00380473 /* BoardView6.swift in Sources */ = {isa = PBXBuildFile; fileRef = 9135E3752942862E00380473 /* BoardView6.swift */; };
		9137A52D2948E7B80082EFE5 /* PowerSelectionPlayer2View.swift in Sources */ = {isa = PBXBuildFile; fileRef = C68F15542939278E00DD5DA7 /* PowerSelectionPlayer2View.swift */; };
		9137A52E2948E7BB0082EFE5 /* PowerSelectionPowerPlayer2View.swift in Sources */ = {isa = PBXBuildFile; fileRef = C68F15522939272400DD5DA7 /* PowerSelectionPowerPlayer2View.swift */; };
		9137A52F2948E7BE0082EFE5 /* PowerSelectionPlayer1View.swift in Sources */ = {isa = PBXBuildFile; fileRef = 91A0636D292F961000032065 /* PowerSelectionPlayer1View.swift */; };
		9137A5302948E7C00082EFE5 /* PowerSelectionRowPlayer1View.swift in Sources */ = {isa = PBXBuildFile; fileRef = 91A0636F292F964E00032065 /* PowerSelectionRowPlayer1View.swift */; };
		9137A5312948E7C30082EFE5 /* PowerSelectionEnum.swift in Sources */ = {isa = PBXBuildFile; fileRef = C69F95E029313AE8006F5D33 /* PowerSelectionEnum.swift */; };
		9137A5322948E7C60082EFE5 /* PowerEnum.swift in Sources */ = {isa = PBXBuildFile; fileRef = C62E040F294258D500A480F6 /* PowerEnum.swift */; };
		9137A5332948E9290082EFE5 /* PowerOfPlayers.swift in Sources */ = {isa = PBXBuildFile; fileRef = C62E040B2942586300A480F6 /* PowerOfPlayers.swift */; };
		913EB1C4292D4A3800965B69 /* splashview.swift in Sources */ = {isa = PBXBuildFile; fileRef = 913EB1C3292D4A3800965B69 /* splashview.swift */; };
		91970040292D5BC00025C9FA /* thirdview.swift in Sources */ = {isa = PBXBuildFile; fileRef = 9197003F292D5BC00025C9FA /* thirdview.swift */; };
		C6561D10292FA0E000646C81 /* SelectionPowerPlayer1Button.swift in Sources */ = {isa = PBXBuildFile; fileRef = C6561D0F292FA0E000646C81 /* SelectionPowerPlayer1Button.swift */; };
		C67FCFEF292D407C00D0004A /* SecondView.swift in Sources */ = {isa = PBXBuildFile; fileRef = C67FCFEE292D407C00D0004A /* SecondView.swift */; };
		C68F154F2939248900DD5DA7 /* GlobalVariables.swift in Sources */ = {isa = PBXBuildFile; fileRef = C68F154E2939248900DD5DA7 /* GlobalVariables.swift */; };
		C68F15572939298D00DD5DA7 /* SelectionPowerPlayer2Button.swift in Sources */ = {isa = PBXBuildFile; fileRef = C68F15562939298D00DD5DA7 /* SelectionPowerPlayer2Button.swift */; };
		C68F155A29393B0500DD5DA7 /* BoardView.swift in Sources */ = {isa = PBXBuildFile; fileRef = C68F155929393B0500DD5DA7 /* BoardView.swift */; };
		C68F155C29393B5F00DD5DA7 /* BoardView2.swift in Sources */ = {isa = PBXBuildFile; fileRef = C68F155B29393B5F00DD5DA7 /* BoardView2.swift */; };
		C68F156029393B8B00DD5DA7 /* TableView.swift in Sources */ = {isa = PBXBuildFile; fileRef = C68F155F29393B8B00DD5DA7 /* TableView.swift */; };
		C6E492352937E5AB00FCB04D /* TimeSelectionRowModels.swift in Sources */ = {isa = PBXBuildFile; fileRef = C6E492342937E5AB00FCB04D /* TimeSelectionRowModels.swift */; };
		C6E492372937E64E00FCB04D /* TimeSelectionView.swift in Sources */ = {isa = PBXBuildFile; fileRef = C6E492362937E64E00FCB04D /* TimeSelectionView.swift */; };
		C6E492392937E81D00FCB04D /* TimeSelectionRowView.swift in Sources */ = {isa = PBXBuildFile; fileRef = C6E492382937E81D00FCB04D /* TimeSelectionRowView.swift */; };
		C6E4923B2937ECB400FCB04D /* SelectionTimeButtons.swift in Sources */ = {isa = PBXBuildFile; fileRef = C6E4923A2937ECB400FCB04D /* SelectionTimeButtons.swift */; };
/* End PBXBuildFile section */

/* Begin PBXFileReference section */
		911F00CE29157CB200010350 /* the-xadraz.app */ = {isa = PBXFileReference; explicitFileType = wrapper.application; includeInIndex = 0; path = "the-xadraz.app"; sourceTree = BUILT_PRODUCTS_DIR; };
		911F00D129157CB200010350 /* the_xadrazApp.swift */ = {isa = PBXFileReference; lastKnownFileType = sourcecode.swift; path = the_xadrazApp.swift; sourceTree = "<group>"; };
		911F00D329157CB200010350 /* FirstView.swift */ = {isa = PBXFileReference; lastKnownFileType = sourcecode.swift; path = FirstView.swift; sourceTree = "<group>"; };
		911F00D529157CB200010350 /* Assets.xcassets */ = {isa = PBXFileReference; lastKnownFileType = folder.assetcatalog; path = Assets.xcassets; sourceTree = "<group>"; };
		911F00D829157CB200010350 /* Preview Assets.xcassets */ = {isa = PBXFileReference; lastKnownFileType = folder.assetcatalog; path = "Preview Assets.xcassets"; sourceTree = "<group>"; };
		9135E36F294284CD00380473 /* BoardView3.swift */ = {isa = PBXFileReference; lastKnownFileType = sourcecode.swift; path = BoardView3.swift; sourceTree = "<group>"; };
		9135E371294285CD00380473 /* BoardView4.swift */ = {isa = PBXFileReference; lastKnownFileType = sourcecode.swift; name = BoardView4.swift; path = ../../../BoardView4.swift; sourceTree = "<group>"; };
		9135E3732942860300380473 /* BoardView5.swift */ = {isa = PBXFileReference; lastKnownFileType = sourcecode.swift; name = BoardView5.swift; path = ../../../BoardView5.swift; sourceTree = "<group>"; };
		9135E3752942862E00380473 /* BoardView6.swift */ = {isa = PBXFileReference; lastKnownFileType = sourcecode.swift; name = BoardView6.swift; path = ../../../BoardView6.swift; sourceTree = "<group>"; };
		913EB1C3292D4A3800965B69 /* splashview.swift */ = {isa = PBXFileReference; lastKnownFileType = sourcecode.swift; path = splashview.swift; sourceTree = "<group>"; };
		9197003F292D5BC00025C9FA /* thirdview.swift */ = {isa = PBXFileReference; lastKnownFileType = sourcecode.swift; path = thirdview.swift; sourceTree = "<group>"; };
		91A0636D292F961000032065 /* PowerSelectionPlayer1View.swift */ = {isa = PBXFileReference; lastKnownFileType = sourcecode.swift; path = PowerSelectionPlayer1View.swift; sourceTree = "<group>"; };
		91A0636F292F964E00032065 /* PowerSelectionRowPlayer1View.swift */ = {isa = PBXFileReference; lastKnownFileType = sourcecode.swift; path = PowerSelectionRowPlayer1View.swift; sourceTree = "<group>"; };
		C62E040B2942586300A480F6 /* PowerOfPlayers.swift */ = {isa = PBXFileReference; lastKnownFileType = sourcecode.swift; path = PowerOfPlayers.swift; sourceTree = "<group>"; };
		C62E040F294258D500A480F6 /* PowerEnum.swift */ = {isa = PBXFileReference; lastKnownFileType = sourcecode.swift; path = PowerEnum.swift; sourceTree = "<group>"; };
		C6561D0F292FA0E000646C81 /* SelectionPowerPlayer1Button.swift */ = {isa = PBXFileReference; lastKnownFileType = sourcecode.swift; path = SelectionPowerPlayer1Button.swift; sourceTree = "<group>"; };
		C67FCFEE292D407C00D0004A /* SecondView.swift */ = {isa = PBXFileReference; lastKnownFileType = sourcecode.swift; path = SecondView.swift; sourceTree = "<group>"; };
		C68F154E2939248900DD5DA7 /* GlobalVariables.swift */ = {isa = PBXFileReference; lastKnownFileType = sourcecode.swift; path = GlobalVariables.swift; sourceTree = "<group>"; };
		C68F15522939272400DD5DA7 /* PowerSelectionPowerPlayer2View.swift */ = {isa = PBXFileReference; lastKnownFileType = sourcecode.swift; path = PowerSelectionPowerPlayer2View.swift; sourceTree = "<group>"; };
		C68F15542939278E00DD5DA7 /* PowerSelectionPlayer2View.swift */ = {isa = PBXFileReference; lastKnownFileType = sourcecode.swift; path = PowerSelectionPlayer2View.swift; sourceTree = "<group>"; };
		C68F15562939298D00DD5DA7 /* SelectionPowerPlayer2Button.swift */ = {isa = PBXFileReference; lastKnownFileType = sourcecode.swift; path = SelectionPowerPlayer2Button.swift; sourceTree = "<group>"; };
		C68F155929393B0500DD5DA7 /* BoardView.swift */ = {isa = PBXFileReference; lastKnownFileType = sourcecode.swift; path = BoardView.swift; sourceTree = "<group>"; };
		C68F155B29393B5F00DD5DA7 /* BoardView2.swift */ = {isa = PBXFileReference; lastKnownFileType = sourcecode.swift; path = BoardView2.swift; sourceTree = "<group>"; };
		C68F155F29393B8B00DD5DA7 /* TableView.swift */ = {isa = PBXFileReference; lastKnownFileType = sourcecode.swift; path = TableView.swift; sourceTree = "<group>"; };
		C69F95E029313AE8006F5D33 /* PowerSelectionEnum.swift */ = {isa = PBXFileReference; lastKnownFileType = sourcecode.swift; path = PowerSelectionEnum.swift; sourceTree = "<group>"; };
		C6E492342937E5AB00FCB04D /* TimeSelectionRowModels.swift */ = {isa = PBXFileReference; lastKnownFileType = sourcecode.swift; path = TimeSelectionRowModels.swift; sourceTree = "<group>"; };
		C6E492362937E64E00FCB04D /* TimeSelectionView.swift */ = {isa = PBXFileReference; lastKnownFileType = sourcecode.swift; path = TimeSelectionView.swift; sourceTree = "<group>"; };
		C6E492382937E81D00FCB04D /* TimeSelectionRowView.swift */ = {isa = PBXFileReference; lastKnownFileType = sourcecode.swift; path = TimeSelectionRowView.swift; sourceTree = "<group>"; };
		C6E4923A2937ECB400FCB04D /* SelectionTimeButtons.swift */ = {isa = PBXFileReference; lastKnownFileType = sourcecode.swift; path = SelectionTimeButtons.swift; sourceTree = "<group>"; };
/* End PBXFileReference section */

/* Begin PBXFrameworksBuildPhase section */
		911F00CB29157CB200010350 /* Frameworks */ = {
			isa = PBXFrameworksBuildPhase;
			buildActionMask = 2147483647;
			files = (
			);
			runOnlyForDeploymentPostprocessing = 0;
		};
/* End PBXFrameworksBuildPhase section */

/* Begin PBXGroup section */
		911F00C529157CB200010350 = {
			isa = PBXGroup;
			children = (
				C68F154E2939248900DD5DA7 /* GlobalVariables.swift */,
				911F00D029157CB200010350 /* the-xadraz */,
				911F00CF29157CB200010350 /* Products */,
			);
			sourceTree = "<group>";
		};
		911F00CF29157CB200010350 /* Products */ = {
			isa = PBXGroup;
			children = (
				911F00CE29157CB200010350 /* the-xadraz.app */,
			);
			name = Products;
			sourceTree = "<group>";
		};
		911F00D029157CB200010350 /* the-xadraz */ = {
			isa = PBXGroup;
			children = (
				911F00D129157CB200010350 /* the_xadrazApp.swift */,
				C6561D0D292FA06300646C81 /* Buttons */,
				C6561D0C292F985E00646C81 /* PrincipalViews */,
				C6E492332937E55400FCB04D /* TimeSelectionView */,
				91A0636A292F954400032065 /* PowerSelectionView */,
				911F00D529157CB200010350 /* Assets.xcassets */,
				911F00D729157CB200010350 /* Preview Content */,
			);
			path = "the-xadraz";
			sourceTree = "<group>";
		};
		911F00D729157CB200010350 /* Preview Content */ = {
			isa = PBXGroup;
			children = (
				911F00D829157CB200010350 /* Preview Assets.xcassets */,
			);
			path = "Preview Content";
			sourceTree = "<group>";
		};
		91A0636A292F954400032065 /* PowerSelectionView */ = {
			isa = PBXGroup;
			children = (
				C62E040B2942586300A480F6 /* PowerOfPlayers.swift */,
				C68F156229393DD300DD5DA7 /* Player2 */,
				C68F156129393DC700DD5DA7 /* Player1 */,
				C69F95E029313AE8006F5D33 /* PowerSelectionEnum.swift */,
				C62E040F294258D500A480F6 /* PowerEnum.swift */,
			);
			path = PowerSelectionView;
			sourceTree = "<group>";
		};
		C6561D0C292F985E00646C81 /* PrincipalViews */ = {
			isa = PBXGroup;
			children = (
				913EB1C3292D4A3800965B69 /* splashview.swift */,
				911F00D329157CB200010350 /* FirstView.swift */,
				C67FCFEE292D407C00D0004A /* SecondView.swift */,
				9197003F292D5BC00025C9FA /* thirdview.swift */,
				C68F155829393ADE00DD5DA7 /* BoardView */,
			);
			path = PrincipalViews;
			sourceTree = "<group>";
		};
		C6561D0D292FA06300646C81 /* Buttons */ = {
			isa = PBXGroup;
			children = (
				C6561D0E292FA0C600646C81 /* SecondView */,
			);
			path = Buttons;
			sourceTree = "<group>";
		};
		C6561D0E292FA0C600646C81 /* SecondView */ = {
			isa = PBXGroup;
			children = (
				C68F156329393E3500DD5DA7 /* SelectionPowerButtons */,
				C6E4923A2937ECB400FCB04D /* SelectionTimeButtons.swift */,
			);
			path = SecondView;
			sourceTree = "<group>";
		};
		C68F155829393ADE00DD5DA7 /* BoardView */ = {
			isa = PBXGroup;
			children = (
				C68F155929393B0500DD5DA7 /* BoardView.swift */,
				C68F155B29393B5F00DD5DA7 /* BoardView2.swift */,
				9135E36F294284CD00380473 /* BoardView3.swift */,
				9135E371294285CD00380473 /* BoardView4.swift */,
				9135E3732942860300380473 /* BoardView5.swift */,
				9135E3752942862E00380473 /* BoardView6.swift */,
				C68F155F29393B8B00DD5DA7 /* TableView.swift */,
			);
			path = BoardView;
			sourceTree = "<group>";
		};
		C68F156129393DC700DD5DA7 /* Player1 */ = {
			isa = PBXGroup;
			children = (
				91A0636D292F961000032065 /* PowerSelectionPlayer1View.swift */,
				91A0636F292F964E00032065 /* PowerSelectionRowPlayer1View.swift */,
			);
			path = Player1;
			sourceTree = "<group>";
		};
		C68F156229393DD300DD5DA7 /* Player2 */ = {
			isa = PBXGroup;
			children = (
				C68F15542939278E00DD5DA7 /* PowerSelectionPlayer2View.swift */,
				C68F15522939272400DD5DA7 /* PowerSelectionPowerPlayer2View.swift */,
			);
			path = Player2;
			sourceTree = "<group>";
		};
		C68F156329393E3500DD5DA7 /* SelectionPowerButtons */ = {
			isa = PBXGroup;
			children = (
				C6561D0F292FA0E000646C81 /* SelectionPowerPlayer1Button.swift */,
				C68F15562939298D00DD5DA7 /* SelectionPowerPlayer2Button.swift */,
			);
			path = SelectionPowerButtons;
			sourceTree = "<group>";
		};
		C6E492332937E55400FCB04D /* TimeSelectionView */ = {
			isa = PBXGroup;
			children = (
				C6E492342937E5AB00FCB04D /* TimeSelectionRowModels.swift */,
				C6E492362937E64E00FCB04D /* TimeSelectionView.swift */,
				C6E492382937E81D00FCB04D /* TimeSelectionRowView.swift */,
			);
			path = TimeSelectionView;
			sourceTree = "<group>";
		};
/* End PBXGroup section */

/* Begin PBXNativeTarget section */
		911F00CD29157CB200010350 /* the-xadraz */ = {
			isa = PBXNativeTarget;
			buildConfigurationList = 911F00DC29157CB200010350 /* Build configuration list for PBXNativeTarget "the-xadraz" */;
			buildPhases = (
				911F00CA29157CB200010350 /* Sources */,
				911F00CB29157CB200010350 /* Frameworks */,
				911F00CC29157CB200010350 /* Resources */,
			);
			buildRules = (
			);
			dependencies = (
			);
			name = "the-xadraz";
			productName = "the-xadraz";
			productReference = 911F00CE29157CB200010350 /* the-xadraz.app */;
			productType = "com.apple.product-type.application";
		};
/* End PBXNativeTarget section */

/* Begin PBXProject section */
		911F00C629157CB200010350 /* Project object */ = {
			isa = PBXProject;
			attributes = {
				BuildIndependentTargetsInParallel = 1;
				LastSwiftUpdateCheck = 1410;
				LastUpgradeCheck = 1410;
				TargetAttributes = {
					911F00CD29157CB200010350 = {
						CreatedOnToolsVersion = 14.1;
					};
				};
			};
			buildConfigurationList = 911F00C929157CB200010350 /* Build configuration list for PBXProject "the-xadraz" */;
			compatibilityVersion = "Xcode 14.0";
			developmentRegion = en;
			hasScannedForEncodings = 0;
			knownRegions = (
				en,
				Base,
			);
			mainGroup = 911F00C529157CB200010350;
			productRefGroup = 911F00CF29157CB200010350 /* Products */;
			projectDirPath = "";
			projectRoot = "";
			targets = (
				911F00CD29157CB200010350 /* the-xadraz */,
			);
		};
/* End PBXProject section */

/* Begin PBXResourcesBuildPhase section */
		911F00CC29157CB200010350 /* Resources */ = {
			isa = PBXResourcesBuildPhase;
			buildActionMask = 2147483647;
			files = (
				911F00D929157CB200010350 /* Preview Assets.xcassets in Resources */,
				911F00D629157CB200010350 /* Assets.xcassets in Resources */,
			);
			runOnlyForDeploymentPostprocessing = 0;
		};
/* End PBXResourcesBuildPhase section */

/* Begin PBXSourcesBuildPhase section */
		911F00CA29157CB200010350 /* Sources */ = {
			isa = PBXSourcesBuildPhase;
			buildActionMask = 2147483647;
			files = (
				C67FCFEF292D407C00D0004A /* SecondView.swift in Sources */,
				9137A52D2948E7B80082EFE5 /* PowerSelectionPlayer2View.swift in Sources */,
				9135E370294284CD00380473 /* BoardView3.swift in Sources */,
				9135E372294285CD00380473 /* BoardView4.swift in Sources */,
				913EB1C4292D4A3800965B69 /* splashview.swift in Sources */,
				91970040292D5BC00025C9FA /* thirdview.swift in Sources */,
				9137A52F2948E7BE0082EFE5 /* PowerSelectionPlayer1View.swift in Sources */,
				9137A5312948E7C30082EFE5 /* PowerSelectionEnum.swift in Sources */,
				9135E3762942862E00380473 /* BoardView6.swift in Sources */,
				9137A5332948E9290082EFE5 /* PowerOfPlayers.swift in Sources */,
				C6E4923B2937ECB400FCB04D /* SelectionTimeButtons.swift in Sources */,
				C68F15572939298D00DD5DA7 /* SelectionPowerPlayer2Button.swift in Sources */,
				C6E492372937E64E00FCB04D /* TimeSelectionView.swift in Sources */,
				C68F156029393B8B00DD5DA7 /* TableView.swift in Sources */,
				9137A5302948E7C00082EFE5 /* PowerSelectionRowPlayer1View.swift in Sources */,
				C6561D10292FA0E000646C81 /* SelectionPowerPlayer1Button.swift in Sources */,
				C68F154F2939248900DD5DA7 /* GlobalVariables.swift in Sources */,
				C6E492352937E5AB00FCB04D /* TimeSelectionRowModels.swift in Sources */,
				9137A52E2948E7BB0082EFE5 /* PowerSelectionPowerPlayer2View.swift in Sources */,
				C68F155C29393B5F00DD5DA7 /* BoardView2.swift in Sources */,
				9137A5322948E7C60082EFE5 /* PowerEnum.swift in Sources */,
				C6E492392937E81D00FCB04D /* TimeSelectionRowView.swift in Sources */,
				C68F155A29393B0500DD5DA7 /* BoardView.swift in Sources */,
				911F00D429157CB200010350 /* FirstView.swift in Sources */,
				9135E3742942860300380473 /* BoardView5.swift in Sources */,
				911F00D229157CB200010350 /* the_xadrazApp.swift in Sources */,
			);
			runOnlyForDeploymentPostprocessing = 0;
		};
/* End PBXSourcesBuildPhase section */

/* Begin XCBuildConfiguration section */
		911F00DA29157CB200010350 /* Debug */ = {
			isa = XCBuildConfiguration;
			buildSettings = {
				ALWAYS_SEARCH_USER_PATHS = NO;
				CLANG_ANALYZER_NONNULL = YES;
				CLANG_ANALYZER_NUMBER_OBJECT_CONVERSION = YES_AGGRESSIVE;
				CLANG_CXX_LANGUAGE_STANDARD = "gnu++20";
				CLANG_ENABLE_MODULES = YES;
				CLANG_ENABLE_OBJC_ARC = YES;
				CLANG_ENABLE_OBJC_WEAK = YES;
				CLANG_WARN_BLOCK_CAPTURE_AUTORELEASING = YES;
				CLANG_WARN_BOOL_CONVERSION = YES;
				CLANG_WARN_COMMA = YES;
				CLANG_WARN_CONSTANT_CONVERSION = YES;
				CLANG_WARN_DEPRECATED_OBJC_IMPLEMENTATIONS = YES;
				CLANG_WARN_DIRECT_OBJC_ISA_USAGE = YES_ERROR;
				CLANG_WARN_DOCUMENTATION_COMMENTS = YES;
				CLANG_WARN_EMPTY_BODY = YES;
				CLANG_WARN_ENUM_CONVERSION = YES;
				CLANG_WARN_INFINITE_RECURSION = YES;
				CLANG_WARN_INT_CONVERSION = YES;
				CLANG_WARN_NON_LITERAL_NULL_CONVERSION = YES;
				CLANG_WARN_OBJC_IMPLICIT_RETAIN_SELF = YES;
				CLANG_WARN_OBJC_LITERAL_CONVERSION = YES;
				CLANG_WARN_OBJC_ROOT_CLASS = YES_ERROR;
				CLANG_WARN_QUOTED_INCLUDE_IN_FRAMEWORK_HEADER = YES;
				CLANG_WARN_RANGE_LOOP_ANALYSIS = YES;
				CLANG_WARN_STRICT_PROTOTYPES = YES;
				CLANG_WARN_SUSPICIOUS_MOVE = YES;
				CLANG_WARN_UNGUARDED_AVAILABILITY = YES_AGGRESSIVE;
				CLANG_WARN_UNREACHABLE_CODE = YES;
				CLANG_WARN__DUPLICATE_METHOD_MATCH = YES;
				COPY_PHASE_STRIP = NO;
				DEBUG_INFORMATION_FORMAT = dwarf;
				ENABLE_STRICT_OBJC_MSGSEND = YES;
				ENABLE_TESTABILITY = YES;
				GCC_C_LANGUAGE_STANDARD = gnu11;
				GCC_DYNAMIC_NO_PIC = NO;
				GCC_NO_COMMON_BLOCKS = YES;
				GCC_OPTIMIZATION_LEVEL = 0;
				GCC_PREPROCESSOR_DEFINITIONS = (
					"DEBUG=1",
					"$(inherited)",
				);
				GCC_WARN_64_TO_32_BIT_CONVERSION = YES;
				GCC_WARN_ABOUT_RETURN_TYPE = YES_ERROR;
				GCC_WARN_UNDECLARED_SELECTOR = YES;
				GCC_WARN_UNINITIALIZED_AUTOS = YES_AGGRESSIVE;
				GCC_WARN_UNUSED_FUNCTION = YES;
				GCC_WARN_UNUSED_VARIABLE = YES;
				IPHONEOS_DEPLOYMENT_TARGET = 16.1;
				MTL_ENABLE_DEBUG_INFO = INCLUDE_SOURCE;
				MTL_FAST_MATH = YES;
				ONLY_ACTIVE_ARCH = YES;
				SDKROOT = iphoneos;
				SWIFT_ACTIVE_COMPILATION_CONDITIONS = DEBUG;
				SWIFT_OPTIMIZATION_LEVEL = "-Onone";
			};
			name = Debug;
		};
		911F00DB29157CB200010350 /* Release */ = {
			isa = XCBuildConfiguration;
			buildSettings = {
				ALWAYS_SEARCH_USER_PATHS = NO;
				CLANG_ANALYZER_NONNULL = YES;
				CLANG_ANALYZER_NUMBER_OBJECT_CONVERSION = YES_AGGRESSIVE;
				CLANG_CXX_LANGUAGE_STANDARD = "gnu++20";
				CLANG_ENABLE_MODULES = YES;
				CLANG_ENABLE_OBJC_ARC = YES;
				CLANG_ENABLE_OBJC_WEAK = YES;
				CLANG_WARN_BLOCK_CAPTURE_AUTORELEASING = YES;
				CLANG_WARN_BOOL_CONVERSION = YES;
				CLANG_WARN_COMMA = YES;
				CLANG_WARN_CONSTANT_CONVERSION = YES;
				CLANG_WARN_DEPRECATED_OBJC_IMPLEMENTATIONS = YES;
				CLANG_WARN_DIRECT_OBJC_ISA_USAGE = YES_ERROR;
				CLANG_WARN_DOCUMENTATION_COMMENTS = YES;
				CLANG_WARN_EMPTY_BODY = YES;
				CLANG_WARN_ENUM_CONVERSION = YES;
				CLANG_WARN_INFINITE_RECURSION = YES;
				CLANG_WARN_INT_CONVERSION = YES;
				CLANG_WARN_NON_LITERAL_NULL_CONVERSION = YES;
				CLANG_WARN_OBJC_IMPLICIT_RETAIN_SELF = YES;
				CLANG_WARN_OBJC_LITERAL_CONVERSION = YES;
				CLANG_WARN_OBJC_ROOT_CLASS = YES_ERROR;
				CLANG_WARN_QUOTED_INCLUDE_IN_FRAMEWORK_HEADER = YES;
				CLANG_WARN_RANGE_LOOP_ANALYSIS = YES;
				CLANG_WARN_STRICT_PROTOTYPES = YES;
				CLANG_WARN_SUSPICIOUS_MOVE = YES;
				CLANG_WARN_UNGUARDED_AVAILABILITY = YES_AGGRESSIVE;
				CLANG_WARN_UNREACHABLE_CODE = YES;
				CLANG_WARN__DUPLICATE_METHOD_MATCH = YES;
				COPY_PHASE_STRIP = NO;
				DEBUG_INFORMATION_FORMAT = "dwarf-with-dsym";
				ENABLE_NS_ASSERTIONS = NO;
				ENABLE_STRICT_OBJC_MSGSEND = YES;
				GCC_C_LANGUAGE_STANDARD = gnu11;
				GCC_NO_COMMON_BLOCKS = YES;
				GCC_WARN_64_TO_32_BIT_CONVERSION = YES;
				GCC_WARN_ABOUT_RETURN_TYPE = YES_ERROR;
				GCC_WARN_UNDECLARED_SELECTOR = YES;
				GCC_WARN_UNINITIALIZED_AUTOS = YES_AGGRESSIVE;
				GCC_WARN_UNUSED_FUNCTION = YES;
				GCC_WARN_UNUSED_VARIABLE = YES;
				IPHONEOS_DEPLOYMENT_TARGET = 16.1;
				MTL_ENABLE_DEBUG_INFO = NO;
				MTL_FAST_MATH = YES;
				SDKROOT = iphoneos;
				SWIFT_COMPILATION_MODE = wholemodule;
				SWIFT_OPTIMIZATION_LEVEL = "-O";
				VALIDATE_PRODUCT = YES;
			};
			name = Release;
		};
		911F00DD29157CB200010350 /* Debug */ = {
			isa = XCBuildConfiguration;
			buildSettings = {
				ASSETCATALOG_COMPILER_APPICON_NAME = AppIcon;
				ASSETCATALOG_COMPILER_GLOBAL_ACCENT_COLOR_NAME = AccentColor;
				CODE_SIGN_STYLE = Automatic;
				CURRENT_PROJECT_VERSION = 1;
				DEVELOPMENT_ASSET_PATHS = "\"the-xadraz/Preview Content\"";
				ENABLE_PREVIEWS = YES;
				GENERATE_INFOPLIST_FILE = YES;
				INFOPLIST_KEY_UIApplicationSceneManifest_Generation = YES;
				INFOPLIST_KEY_UIApplicationSupportsIndirectInputEvents = YES;
				INFOPLIST_KEY_UILaunchScreen_Generation = YES;
				INFOPLIST_KEY_UISupportedInterfaceOrientations_iPad = "UIInterfaceOrientationPortrait UIInterfaceOrientationPortraitUpsideDown UIInterfaceOrientationLandscapeLeft UIInterfaceOrientationLandscapeRight";
				INFOPLIST_KEY_UISupportedInterfaceOrientations_iPhone = "UIInterfaceOrientationPortrait UIInterfaceOrientationLandscapeLeft UIInterfaceOrientationLandscapeRight";
				LD_RUNPATH_SEARCH_PATHS = (
					"$(inherited)",
					"@executable_path/Frameworks",
				);
				MARKETING_VERSION = 1.0;
				PRODUCT_BUNDLE_IDENTIFIER = "maxwel.the-xadraz";
				PRODUCT_NAME = "$(TARGET_NAME)";
				SWIFT_EMIT_LOC_STRINGS = YES;
				SWIFT_VERSION = 5.0;
				TARGETED_DEVICE_FAMILY = "1,2";
			};
			name = Debug;
		};
		911F00DE29157CB200010350 /* Release */ = {
			isa = XCBuildConfiguration;
			buildSettings = {
				ASSETCATALOG_COMPILER_APPICON_NAME = AppIcon;
				ASSETCATALOG_COMPILER_GLOBAL_ACCENT_COLOR_NAME = AccentColor;
				CODE_SIGN_STYLE = Automatic;
				CURRENT_PROJECT_VERSION = 1;
				DEVELOPMENT_ASSET_PATHS = "\"the-xadraz/Preview Content\"";
				ENABLE_PREVIEWS = YES;
				GENERATE_INFOPLIST_FILE = YES;
				INFOPLIST_KEY_UIApplicationSceneManifest_Generation = YES;
				INFOPLIST_KEY_UIApplicationSupportsIndirectInputEvents = YES;
				INFOPLIST_KEY_UILaunchScreen_Generation = YES;
				INFOPLIST_KEY_UISupportedInterfaceOrientations_iPad = "UIInterfaceOrientationPortrait UIInterfaceOrientationPortraitUpsideDown UIInterfaceOrientationLandscapeLeft UIInterfaceOrientationLandscapeRight";
				INFOPLIST_KEY_UISupportedInterfaceOrientations_iPhone = "UIInterfaceOrientationPortrait UIInterfaceOrientationLandscapeLeft UIInterfaceOrientationLandscapeRight";
				LD_RUNPATH_SEARCH_PATHS = (
					"$(inherited)",
					"@executable_path/Frameworks",
				);
				MARKETING_VERSION = 1.0;
				PRODUCT_BUNDLE_IDENTIFIER = "maxwel.the-xadraz";
				PRODUCT_NAME = "$(TARGET_NAME)";
				SWIFT_EMIT_LOC_STRINGS = YES;
				SWIFT_VERSION = 5.0;
				TARGETED_DEVICE_FAMILY = "1,2";
			};
			name = Release;
		};
/* End XCBuildConfiguration section */

/* Begin XCConfigurationList section */
		911F00C929157CB200010350 /* Build configuration list for PBXProject "the-xadraz" */ = {
			isa = XCConfigurationList;
			buildConfigurations = (
				911F00DA29157CB200010350 /* Debug */,
				911F00DB29157CB200010350 /* Release */,
			);
			defaultConfigurationIsVisible = 0;
			defaultConfigurationName = Release;
		};
		911F00DC29157CB200010350 /* Build configuration list for PBXNativeTarget "the-xadraz" */ = {
			isa = XCConfigurationList;
			buildConfigurations = (
				911F00DD29157CB200010350 /* Debug */,
				911F00DE29157CB200010350 /* Release */,
			);
			defaultConfigurationIsVisible = 0;
			defaultConfigurationName = Release;
		};
/* End XCConfigurationList section */
	};
	rootObject = 911F00C629157CB200010350 /* Project object */;
}
