// !$*UTF8*$!
{
	archiveVersion = 1;
	classes = {
	};
	objectVersion = 56;
	objects = {

/* Begin PBXBuildFile section */
		911F00D229157CB200010350 /* the_xadrazApp.swift in Sources */ = {isa = PBXBuildFile; fileRef = 911F00D129157CB200010350 /* the_xadrazApp.swift */; };
		911F00D429157CB200010350 /* FirstView.swift in Sources */ = {isa = PBXBuildFile; fileRef = 911F00D329157CB200010350 /* FirstView.swift */; };
		911F00D629157CB200010350 /* Assets.xcassets in Resources */ = {isa = PBXBuildFile; fileRef = 911F00D529157CB200010350 /* Assets.xcassets */; };
		911F00D929157CB200010350 /* Preview Assets.xcassets in Resources */ = {isa = PBXBuildFile; fileRef = 911F00D829157CB200010350 /* Preview Assets.xcassets */; };
		913EB1C4292D4A3800965B69 /* splashview.swift in Sources */ = {isa = PBXBuildFile; fileRef = 913EB1C3292D4A3800965B69 /* splashview.swift */; };
		91970040292D5BC00025C9FA /* thirdview.swift in Sources */ = {isa = PBXBuildFile; fileRef = 9197003F292D5BC00025C9FA /* thirdview.swift */; };
		91A0636C292F95DB00032065 /* PowerSelectionRowModels.swift in Sources */ = {isa = PBXBuildFile; fileRef = 91A0636B292F95DB00032065 /* PowerSelectionRowModels.swift */; };
		91A0636E292F961000032065 /* PowerSelectionView.swift in Sources */ = {isa = PBXBuildFile; fileRef = 91A0636D292F961000032065 /* PowerSelectionView.swift */; };
		91A06370292F964E00032065 /* PowerSelectionRowView.swift in Sources */ = {isa = PBXBuildFile; fileRef = 91A0636F292F964E00032065 /* PowerSelectionRowView.swift */; };
		C6561D10292FA0E000646C81 /* SelectionPowerButton.swift in Sources */ = {isa = PBXBuildFile; fileRef = C6561D0F292FA0E000646C81 /* SelectionPowerButton.swift */; };
		C67FCFEF292D407C00D0004A /* SecondView.swift in Sources */ = {isa = PBXBuildFile; fileRef = C67FCFEE292D407C00D0004A /* SecondView.swift */; };
/* End PBXBuildFile section */

/* Begin PBXFileReference section */
		911F00CE29157CB200010350 /* the-xadraz.app */ = {isa = PBXFileReference; explicitFileType = wrapper.application; includeInIndex = 0; path = "the-xadraz.app"; sourceTree = BUILT_PRODUCTS_DIR; };
		911F00D129157CB200010350 /* the_xadrazApp.swift */ = {isa = PBXFileReference; lastKnownFileType = sourcecode.swift; path = the_xadrazApp.swift; sourceTree = "<group>"; };
		911F00D329157CB200010350 /* FirstView.swift */ = {isa = PBXFileReference; lastKnownFileType = sourcecode.swift; path = FirstView.swift; sourceTree = "<group>"; };
		911F00D529157CB200010350 /* Assets.xcassets */ = {isa = PBXFileReference; lastKnownFileType = folder.assetcatalog; path = Assets.xcassets; sourceTree = "<group>"; };
		911F00D829157CB200010350 /* Preview Assets.xcassets */ = {isa = PBXFileReference; lastKnownFileType = folder.assetcatalog; path = "Preview Assets.xcassets"; sourceTree = "<group>"; };
		913EB1C3292D4A3800965B69 /* splashview.swift */ = {isa = PBXFileReference; lastKnownFileType = sourcecode.swift; path = splashview.swift; sourceTree = "<group>"; };
		9197003F292D5BC00025C9FA /* thirdview.swift */ = {isa = PBXFileReference; lastKnownFileType = sourcecode.swift; path = thirdview.swift; sourceTree = "<group>"; };
		91A0636B292F95DB00032065 /* PowerSelectionRowModels.swift */ = {isa = PBXFileReference; lastKnownFileType = sourcecode.swift; path = PowerSelectionRowModels.swift; sourceTree = "<group>"; };
		91A0636D292F961000032065 /* PowerSelectionView.swift */ = {isa = PBXFileReference; lastKnownFileType = sourcecode.swift; path = PowerSelectionView.swift; sourceTree = "<group>"; };
		91A0636F292F964E00032065 /* PowerSelectionRowView.swift */ = {isa = PBXFileReference; lastKnownFileType = sourcecode.swift; path = PowerSelectionRowView.swift; sourceTree = "<group>"; };
		C6561D0F292FA0E000646C81 /* SelectionPowerButton.swift */ = {isa = PBXFileReference; lastKnownFileType = sourcecode.swift; path = SelectionPowerButton.swift; sourceTree = "<group>"; };
		C67FCFEE292D407C00D0004A /* SecondView.swift */ = {isa = PBXFileReference; lastKnownFileType = sourcecode.swift; path = SecondView.swift; sourceTree = "<group>"; };
/* End PBXFileReference section */

/* Begin PBXFrameworksBuildPhase section */
		911F00CB29157CB200010350 /* Frameworks */ = {
			isa = PBXFrameworksBuildPhase;
			buildActionMask = 2147483647;
			files = (
			);
			runOnlyForDeploymentPostprocessing = 0;
		};
/* End PBXFrameworksBuildPhase section */

/* Begin PBXGroup section */
		911F00C529157CB200010350 = {
			isa = PBXGroup;
			children = (
				911F00D029157CB200010350 /* the-xadraz */,
				911F00CF29157CB200010350 /* Products */,
			);
			sourceTree = "<group>";
		};
		911F00CF29157CB200010350 /* Products */ = {
			isa = PBXGroup;
			children = (
				911F00CE29157CB200010350 /* the-xadraz.app */,
			);
			name = Products;
			sourceTree = "<group>";
		};
		911F00D029157CB200010350 /* the-xadraz */ = {
			isa = PBXGroup;
			children = (
				911F00D129157CB200010350 /* the_xadrazApp.swift */,
				C6561D0D292FA06300646C81 /* Buttons */,
				C6561D0C292F985E00646C81 /* PrincipalViews */,
				91A0636A292F954400032065 /* PowerSelectionView */,
				911F00D529157CB200010350 /* Assets.xcassets */,
				911F00D729157CB200010350 /* Preview Content */,
			);
			path = "the-xadraz";
			sourceTree = "<group>";
		};
		911F00D729157CB200010350 /* Preview Content */ = {
			isa = PBXGroup;
			children = (
				911F00D829157CB200010350 /* Preview Assets.xcassets */,
			);
			path = "Preview Content";
			sourceTree = "<group>";
		};
		91A0636A292F954400032065 /* PowerSelectionView */ = {
			isa = PBXGroup;
			children = (
				91A0636B292F95DB00032065 /* PowerSelectionRowModels.swift */,
				91A0636D292F961000032065 /* PowerSelectionView.swift */,
				91A0636F292F964E00032065 /* PowerSelectionRowView.swift */,
			);
			path = PowerSelectionView;
			sourceTree = "<group>";
		};
		C6561D0C292F985E00646C81 /* PrincipalViews */ = {
			isa = PBXGroup;
			children = (
				913EB1C3292D4A3800965B69 /* splashview.swift */,
				911F00D329157CB200010350 /* FirstView.swift */,
				C67FCFEE292D407C00D0004A /* SecondView.swift */,
				9197003F292D5BC00025C9FA /* thirdview.swift */,
			);
			path = PrincipalViews;
			sourceTree = "<group>";
		};
		C6561D0D292FA06300646C81 /* Buttons */ = {
			isa = PBXGroup;
			children = (
				C6561D0E292FA0C600646C81 /* SecondView */,
			);
			path = Buttons;
			sourceTree = "<group>";
		};
		C6561D0E292FA0C600646C81 /* SecondView */ = {
			isa = PBXGroup;
			children = (
				C6561D0F292FA0E000646C81 /* SelectionPowerButton.swift */,
			);
			path = SecondView;
			sourceTree = "<group>";
		};
/* End PBXGroup section */

/* Begin PBXNativeTarget section */
		911F00CD29157CB200010350 /* the-xadraz */ = {
			isa = PBXNativeTarget;
			buildConfigurationList = 911F00DC29157CB200010350 /* Build configuration list for PBXNativeTarget "the-xadraz" */;
			buildPhases = (
				911F00CA29157CB200010350 /* Sources */,
				911F00CB29157CB200010350 /* Frameworks */,
				911F00CC29157CB200010350 /* Resources */,
			);
			buildRules = (
			);
			dependencies = (
			);
			name = "the-xadraz";
			productName = "the-xadraz";
			productReference = 911F00CE29157CB200010350 /* the-xadraz.app */;
			productType = "com.apple.product-type.application";
		};
/* End PBXNativeTarget section */

/* Begin PBXProject section */
		911F00C629157CB200010350 /* Project object */ = {
			isa = PBXProject;
			attributes = {
				BuildIndependentTargetsInParallel = 1;
				LastSwiftUpdateCheck = 1410;
				LastUpgradeCheck = 1410;
				TargetAttributes = {
					911F00CD29157CB200010350 = {
						CreatedOnToolsVersion = 14.1;
					};
				};
			};
			buildConfigurationList = 911F00C929157CB200010350 /* Build configuration list for PBXProject "the-xadraz" */;
			compatibilityVersion = "Xcode 14.0";
			developmentRegion = en;
			hasScannedForEncodings = 0;
			knownRegions = (
				en,
				Base,
			);
			mainGroup = 911F00C529157CB200010350;
			productRefGroup = 911F00CF29157CB200010350 /* Products */;
			projectDirPath = "";
			projectRoot = "";
			targets = (
				911F00CD29157CB200010350 /* the-xadraz */,
			);
		};
/* End PBXProject section */

/* Begin PBXResourcesBuildPhase section */
		911F00CC29157CB200010350 /* Resources */ = {
			isa = PBXResourcesBuildPhase;
			buildActionMask = 2147483647;
			files = (
				911F00D929157CB200010350 /* Preview Assets.xcassets in Resources */,
				911F00D629157CB200010350 /* Assets.xcassets in Resources */,
			);
			runOnlyForDeploymentPostprocessing = 0;
		};
/* End PBXResourcesBuildPhase section */

/* Begin PBXSourcesBuildPhase section */
		911F00CA29157CB200010350 /* Sources */ = {
			isa = PBXSourcesBuildPhase;
			buildActionMask = 2147483647;
			files = (
				C67FCFEF292D407C00D0004A /* SecondView.swift in Sources */,
				913EB1C4292D4A3800965B69 /* splashview.swift in Sources */,
				91970040292D5BC00025C9FA /* thirdview.swift in Sources */,
				91A0636E292F961000032065 /* PowerSelectionView.swift in Sources */,
				91A06370292F964E00032065 /* PowerSelectionRowView.swift in Sources */,
				C6561D10292FA0E000646C81 /* SelectionPowerButton.swift in Sources */,
				91A0636C292F95DB00032065 /* PowerSelectionRowModels.swift in Sources */,
				911F00D429157CB200010350 /* FirstView.swift in Sources */,
				911F00D229157CB200010350 /* the_xadrazApp.swift in Sources */,
			);
			runOnlyForDeploymentPostprocessing = 0;
		};
/* End PBXSourcesBuildPhase section */

/* Begin XCBuildConfiguration section */
		911F00DA29157CB200010350 /* Debug */ = {
			isa = XCBuildConfiguration;
			buildSettings = {
				ALWAYS_SEARCH_USER_PATHS = NO;
				CLANG_ANALYZER_NONNULL = YES;
				CLANG_ANALYZER_NUMBER_OBJECT_CONVERSION = YES_AGGRESSIVE;
				CLANG_CXX_LANGUAGE_STANDARD = "gnu++20";
				CLANG_ENABLE_MODULES = YES;
				CLANG_ENABLE_OBJC_ARC = YES;
				CLANG_ENABLE_OBJC_WEAK = YES;
				CLANG_WARN_BLOCK_CAPTURE_AUTORELEASING = YES;
				CLANG_WARN_BOOL_CONVERSION = YES;
				CLANG_WARN_COMMA = YES;
				CLANG_WARN_CONSTANT_CONVERSION = YES;
				CLANG_WARN_DEPRECATED_OBJC_IMPLEMENTATIONS = YES;
				CLANG_WARN_DIRECT_OBJC_ISA_USAGE = YES_ERROR;
				CLANG_WARN_DOCUMENTATION_COMMENTS = YES;
				CLANG_WARN_EMPTY_BODY = YES;
				CLANG_WARN_ENUM_CONVERSION = YES;
				CLANG_WARN_INFINITE_RECURSION = YES;
				CLANG_WARN_INT_CONVERSION = YES;
				CLANG_WARN_NON_LITERAL_NULL_CONVERSION = YES;
				CLANG_WARN_OBJC_IMPLICIT_RETAIN_SELF = YES;
				CLANG_WARN_OBJC_LITERAL_CONVERSION = YES;
				CLANG_WARN_OBJC_ROOT_CLASS = YES_ERROR;
				CLANG_WARN_QUOTED_INCLUDE_IN_FRAMEWORK_HEADER = YES;
				CLANG_WARN_RANGE_LOOP_ANALYSIS = YES;
				CLANG_WARN_STRICT_PROTOTYPES = YES;
				CLANG_WARN_SUSPICIOUS_MOVE = YES;
				CLANG_WARN_UNGUARDED_AVAILABILITY = YES_AGGRESSIVE;
				CLANG_WARN_UNREACHABLE_CODE = YES;
				CLANG_WARN__DUPLICATE_METHOD_MATCH = YES;
				COPY_PHASE_STRIP = NO;
				DEBUG_INFORMATION_FORMAT = dwarf;
				ENABLE_STRICT_OBJC_MSGSEND = YES;
				ENABLE_TESTABILITY = YES;
				GCC_C_LANGUAGE_STANDARD = gnu11;
				GCC_DYNAMIC_NO_PIC = NO;
				GCC_NO_COMMON_BLOCKS = YES;
				GCC_OPTIMIZATION_LEVEL = 0;
				GCC_PREPROCESSOR_DEFINITIONS = (
					"DEBUG=1",
					"$(inherited)",
				);
				GCC_WARN_64_TO_32_BIT_CONVERSION = YES;
				GCC_WARN_ABOUT_RETURN_TYPE = YES_ERROR;
				GCC_WARN_UNDECLARED_SELECTOR = YES;
				GCC_WARN_UNINITIALIZED_AUTOS = YES_AGGRESSIVE;
				GCC_WARN_UNUSED_FUNCTION = YES;
				GCC_WARN_UNUSED_VARIABLE = YES;
				IPHONEOS_DEPLOYMENT_TARGET = 16.1;
				MTL_ENABLE_DEBUG_INFO = INCLUDE_SOURCE;
				MTL_FAST_MATH = YES;
				ONLY_ACTIVE_ARCH = YES;
				SDKROOT = iphoneos;
				SWIFT_ACTIVE_COMPILATION_CONDITIONS = DEBUG;
				SWIFT_OPTIMIZATION_LEVEL = "-Onone";
			};
			name = Debug;
		};
		911F00DB29157CB200010350 /* Release */ = {
			isa = XCBuildConfiguration;
			buildSettings = {
				ALWAYS_SEARCH_USER_PATHS = NO;
				CLANG_ANALYZER_NONNULL = YES;
				CLANG_ANALYZER_NUMBER_OBJECT_CONVERSION = YES_AGGRESSIVE;
				CLANG_CXX_LANGUAGE_STANDARD = "gnu++20";
				CLANG_ENABLE_MODULES = YES;
				CLANG_ENABLE_OBJC_ARC = YES;
				CLANG_ENABLE_OBJC_WEAK = YES;
				CLANG_WARN_BLOCK_CAPTURE_AUTORELEASING = YES;
				CLANG_WARN_BOOL_CONVERSION = YES;
				CLANG_WARN_COMMA = YES;
				CLANG_WARN_CONSTANT_CONVERSION = YES;
				CLANG_WARN_DEPRECATED_OBJC_IMPLEMENTATIONS = YES;
				CLANG_WARN_DIRECT_OBJC_ISA_USAGE = YES_ERROR;
				CLANG_WARN_DOCUMENTATION_COMMENTS = YES;
				CLANG_WARN_EMPTY_BODY = YES;
				CLANG_WARN_ENUM_CONVERSION = YES;
				CLANG_WARN_INFINITE_RECURSION = YES;
				CLANG_WARN_INT_CONVERSION = YES;
				CLANG_WARN_NON_LITERAL_NULL_CONVERSION = YES;
				CLANG_WARN_OBJC_IMPLICIT_RETAIN_SELF = YES;
				CLANG_WARN_OBJC_LITERAL_CONVERSION = YES;
				CLANG_WARN_OBJC_ROOT_CLASS = YES_ERROR;
				CLANG_WARN_QUOTED_INCLUDE_IN_FRAMEWORK_HEADER = YES;
				CLANG_WARN_RANGE_LOOP_ANALYSIS = YES;
				CLANG_WARN_STRICT_PROTOTYPES = YES;
				CLANG_WARN_SUSPICIOUS_MOVE = YES;
				CLANG_WARN_UNGUARDED_AVAILABILITY = YES_AGGRESSIVE;
				CLANG_WARN_UNREACHABLE_CODE = YES;
				CLANG_WARN__DUPLICATE_METHOD_MATCH = YES;
				COPY_PHASE_STRIP = NO;
				DEBUG_INFORMATION_FORMAT = "dwarf-with-dsym";
				ENABLE_NS_ASSERTIONS = NO;
				ENABLE_STRICT_OBJC_MSGSEND = YES;
				GCC_C_LANGUAGE_STANDARD = gnu11;
				GCC_NO_COMMON_BLOCKS = YES;
				GCC_WARN_64_TO_32_BIT_CONVERSION = YES;
				GCC_WARN_ABOUT_RETURN_TYPE = YES_ERROR;
				GCC_WARN_UNDECLARED_SELECTOR = YES;
				GCC_WARN_UNINITIALIZED_AUTOS = YES_AGGRESSIVE;
				GCC_WARN_UNUSED_FUNCTION = YES;
				GCC_WARN_UNUSED_VARIABLE = YES;
				IPHONEOS_DEPLOYMENT_TARGET = 16.1;
				MTL_ENABLE_DEBUG_INFO = NO;
				MTL_FAST_MATH = YES;
				SDKROOT = iphoneos;
				SWIFT_COMPILATION_MODE = wholemodule;
				SWIFT_OPTIMIZATION_LEVEL = "-O";
				VALIDATE_PRODUCT = YES;
			};
			name = Release;
		};
		911F00DD29157CB200010350 /* Debug */ = {
			isa = XCBuildConfiguration;
			buildSettings = {
				ASSETCATALOG_COMPILER_APPICON_NAME = AppIcon;
				ASSETCATALOG_COMPILER_GLOBAL_ACCENT_COLOR_NAME = AccentColor;
				CODE_SIGN_STYLE = Automatic;
				CURRENT_PROJECT_VERSION = 1;
				DEVELOPMENT_ASSET_PATHS = "\"the-xadraz/Preview Content\"";
				ENABLE_PREVIEWS = YES;
				GENERATE_INFOPLIST_FILE = YES;
				INFOPLIST_KEY_UIApplicationSceneManifest_Generation = YES;
				INFOPLIST_KEY_UIApplicationSupportsIndirectInputEvents = YES;
				INFOPLIST_KEY_UILaunchScreen_Generation = YES;
				INFOPLIST_KEY_UISupportedInterfaceOrientations_iPad = "UIInterfaceOrientationPortrait UIInterfaceOrientationPortraitUpsideDown UIInterfaceOrientationLandscapeLeft UIInterfaceOrientationLandscapeRight";
				INFOPLIST_KEY_UISupportedInterfaceOrientations_iPhone = "UIInterfaceOrientationPortrait UIInterfaceOrientationLandscapeLeft UIInterfaceOrientationLandscapeRight";
				LD_RUNPATH_SEARCH_PATHS = (
					"$(inherited)",
					"@executable_path/Frameworks",
				);
				MARKETING_VERSION = 1.0;
				PRODUCT_BUNDLE_IDENTIFIER = "maxwel.the-xadraz";
				PRODUCT_NAME = "$(TARGET_NAME)";
				SWIFT_EMIT_LOC_STRINGS = YES;
				SWIFT_VERSION = 5.0;
				TARGETED_DEVICE_FAMILY = "1,2";
			};
			name = Debug;
		};
		911F00DE29157CB200010350 /* Release */ = {
			isa = XCBuildConfiguration;
			buildSettings = {
				ASSETCATALOG_COMPILER_APPICON_NAME = AppIcon;
				ASSETCATALOG_COMPILER_GLOBAL_ACCENT_COLOR_NAME = AccentColor;
				CODE_SIGN_STYLE = Automatic;
				CURRENT_PROJECT_VERSION = 1;
				DEVELOPMENT_ASSET_PATHS = "\"the-xadraz/Preview Content\"";
				ENABLE_PREVIEWS = YES;
				GENERATE_INFOPLIST_FILE = YES;
				INFOPLIST_KEY_UIApplicationSceneManifest_Generation = YES;
				INFOPLIST_KEY_UIApplicationSupportsIndirectInputEvents = YES;
				INFOPLIST_KEY_UILaunchScreen_Generation = YES;
				INFOPLIST_KEY_UISupportedInterfaceOrientations_iPad = "UIInterfaceOrientationPortrait UIInterfaceOrientationPortraitUpsideDown UIInterfaceOrientationLandscapeLeft UIInterfaceOrientationLandscapeRight";
				INFOPLIST_KEY_UISupportedInterfaceOrientations_iPhone = "UIInterfaceOrientationPortrait UIInterfaceOrientationLandscapeLeft UIInterfaceOrientationLandscapeRight";
				LD_RUNPATH_SEARCH_PATHS = (
					"$(inherited)",
					"@executable_path/Frameworks",
				);
				MARKETING_VERSION = 1.0;
				PRODUCT_BUNDLE_IDENTIFIER = "maxwel.the-xadraz";
				PRODUCT_NAME = "$(TARGET_NAME)";
				SWIFT_EMIT_LOC_STRINGS = YES;
				SWIFT_VERSION = 5.0;
				TARGETED_DEVICE_FAMILY = "1,2";
			};
			name = Release;
		};
/* End XCBuildConfiguration section */

/* Begin XCConfigurationList section */
		911F00C929157CB200010350 /* Build configuration list for PBXProject "the-xadraz" */ = {
			isa = XCConfigurationList;
			buildConfigurations = (
				911F00DA29157CB200010350 /* Debug */,
				911F00DB29157CB200010350 /* Release */,
			);
			defaultConfigurationIsVisible = 0;
			defaultConfigurationName = Release;
		};
		911F00DC29157CB200010350 /* Build configuration list for PBXNativeTarget "the-xadraz" */ = {
			isa = XCConfigurationList;
			buildConfigurations = (
				911F00DD29157CB200010350 /* Debug */,
				911F00DE29157CB200010350 /* Release */,
			);
			defaultConfigurationIsVisible = 0;
			defaultConfigurationName = Release;
		};
/* End XCConfigurationList section */
	};
	rootObject = 911F00C629157CB200010350 /* Project object */;
}
